// !$*UTF8*$!
{
	archiveVersion = 1;
	classes = {
	};
	objectVersion = 46;
	objects = {

/* Begin PBXBuildFile section */
		4C51A9F71D56835D00BD0FAD /* AppDelegate.swift in Sources */ = {isa = PBXBuildFile; fileRef = 4C51A9F61D56835D00BD0FAD /* AppDelegate.swift */; };
		4C51A9F91D56835D00BD0FAD /* MapController.swift in Sources */ = {isa = PBXBuildFile; fileRef = 4C51A9F81D56835D00BD0FAD /* MapController.swift */; };
		4C51A9FC1D56835D00BD0FAD /* Main.storyboard in Resources */ = {isa = PBXBuildFile; fileRef = 4C51A9FA1D56835D00BD0FAD /* Main.storyboard */; };
		4C51A9FE1D56835D00BD0FAD /* Assets.xcassets in Resources */ = {isa = PBXBuildFile; fileRef = 4C51A9FD1D56835D00BD0FAD /* Assets.xcassets */; };
		4C51AA011D56835D00BD0FAD /* LaunchScreen.storyboard in Resources */ = {isa = PBXBuildFile; fileRef = 4C51A9FF1D56835D00BD0FAD /* LaunchScreen.storyboard */; };
		4C51AA0C1D56835D00BD0FAD /* HumDTests.swift in Sources */ = {isa = PBXBuildFile; fileRef = 4C51AA0B1D56835D00BD0FAD /* HumDTests.swift */; };
		4C51AA171D56835D00BD0FAD /* HumDUITests.swift in Sources */ = {isa = PBXBuildFile; fileRef = 4C51AA161D56835D00BD0FAD /* HumDUITests.swift */; };
		4C51AA251D56936D00BD0FAD /* CameraViewController.swift in Sources */ = {isa = PBXBuildFile; fileRef = 4C51AA241D56936D00BD0FAD /* CameraViewController.swift */; };
		4C5DAF651D576A8E00E0FC9F /* AugmentedRealityController.m in Sources */ = {isa = PBXBuildFile; fileRef = 4C5DAF591D576A8E00E0FC9F /* AugmentedRealityController.m */; };
		4C5DAF661D576A8E00E0FC9F /* ARGeoCoordinate.m in Sources */ = {isa = PBXBuildFile; fileRef = 4C5DAF5A1D576A8E00E0FC9F /* ARGeoCoordinate.m */; };
		4C5DAF671D576A8E00E0FC9F /* ARCoordinate.m in Sources */ = {isa = PBXBuildFile; fileRef = 4C5DAF5C1D576A8E00E0FC9F /* ARCoordinate.m */; };
		4C5DAF681D576A8E00E0FC9F /* ARKit.m in Sources */ = {isa = PBXBuildFile; fileRef = 4C5DAF5D1D576A8E00E0FC9F /* ARKit.m */; };
		4C5DAF691D576A8E00E0FC9F /* GEOLocations.m in Sources */ = {isa = PBXBuildFile; fileRef = 4C5DAF611D576A8E00E0FC9F /* GEOLocations.m */; };
/* End PBXBuildFile section */

/* Begin PBXContainerItemProxy section */
		4C51AA081D56835D00BD0FAD /* PBXContainerItemProxy */ = {
			isa = PBXContainerItemProxy;
			containerPortal = 4C51A9EB1D56835C00BD0FAD /* Project object */;
			proxyType = 1;
			remoteGlobalIDString = 4C51A9F21D56835D00BD0FAD;
			remoteInfo = HumD;
		};
		4C51AA131D56835D00BD0FAD /* PBXContainerItemProxy */ = {
			isa = PBXContainerItemProxy;
			containerPortal = 4C51A9EB1D56835C00BD0FAD /* Project object */;
			proxyType = 1;
			remoteGlobalIDString = 4C51A9F21D56835D00BD0FAD;
			remoteInfo = HumD;
		};
/* End PBXContainerItemProxy section */

/* Begin PBXFileReference section */
		4C51A9F31D56835D00BD0FAD /* HumD.app */ = {isa = PBXFileReference; explicitFileType = wrapper.application; includeInIndex = 0; path = HumD.app; sourceTree = BUILT_PRODUCTS_DIR; };
		4C51A9F61D56835D00BD0FAD /* AppDelegate.swift */ = {isa = PBXFileReference; lastKnownFileType = sourcecode.swift; path = AppDelegate.swift; sourceTree = "<group>"; };
		4C51A9F81D56835D00BD0FAD /* MapController.swift */ = {isa = PBXFileReference; lastKnownFileType = sourcecode.swift; path = MapController.swift; sourceTree = "<group>"; };
		4C51A9FB1D56835D00BD0FAD /* Base */ = {isa = PBXFileReference; lastKnownFileType = file.storyboard; name = Base; path = Base.lproj/Main.storyboard; sourceTree = "<group>"; };
		4C51A9FD1D56835D00BD0FAD /* Assets.xcassets */ = {isa = PBXFileReference; lastKnownFileType = folder.assetcatalog; path = Assets.xcassets; sourceTree = "<group>"; };
		4C51AA001D56835D00BD0FAD /* Base */ = {isa = PBXFileReference; lastKnownFileType = file.storyboard; name = Base; path = Base.lproj/LaunchScreen.storyboard; sourceTree = "<group>"; };
		4C51AA021D56835D00BD0FAD /* Info.plist */ = {isa = PBXFileReference; lastKnownFileType = text.plist.xml; path = Info.plist; sourceTree = "<group>"; };
		4C51AA071D56835D00BD0FAD /* HumDTests.xctest */ = {isa = PBXFileReference; explicitFileType = wrapper.cfbundle; includeInIndex = 0; path = HumDTests.xctest; sourceTree = BUILT_PRODUCTS_DIR; };
		4C51AA0B1D56835D00BD0FAD /* HumDTests.swift */ = {isa = PBXFileReference; lastKnownFileType = sourcecode.swift; path = HumDTests.swift; sourceTree = "<group>"; };
		4C51AA0D1D56835D00BD0FAD /* Info.plist */ = {isa = PBXFileReference; lastKnownFileType = text.plist.xml; path = Info.plist; sourceTree = "<group>"; };
		4C51AA121D56835D00BD0FAD /* HumDUITests.xctest */ = {isa = PBXFileReference; explicitFileType = wrapper.cfbundle; includeInIndex = 0; path = HumDUITests.xctest; sourceTree = BUILT_PRODUCTS_DIR; };
		4C51AA161D56835D00BD0FAD /* HumDUITests.swift */ = {isa = PBXFileReference; lastKnownFileType = sourcecode.swift; path = HumDUITests.swift; sourceTree = "<group>"; };
		4C51AA181D56835D00BD0FAD /* Info.plist */ = {isa = PBXFileReference; lastKnownFileType = text.plist.xml; path = Info.plist; sourceTree = "<group>"; };
		4C51AA241D56936D00BD0FAD /* CameraViewController.swift */ = {isa = PBXFileReference; fileEncoding = 4; lastKnownFileType = sourcecode.swift; path = CameraViewController.swift; sourceTree = "<group>"; };
		4C5700201D56DE350090CC30 /* HumD.xcodeproj */ = {isa = PBXFileReference; lastKnownFileType = "wrapper.pb-project"; path = HumD.xcodeproj; sourceTree = "<group>"; };
		4C5DAF581D576A8D00E0FC9F /* HumD-Bridging-Header.h */ = {isa = PBXFileReference; lastKnownFileType = sourcecode.c.h; path = "HumD-Bridging-Header.h"; sourceTree = "<group>"; };
		4C5DAF591D576A8E00E0FC9F /* AugmentedRealityController.m */ = {isa = PBXFileReference; fileEncoding = 4; lastKnownFileType = sourcecode.c.objc; path = AugmentedRealityController.m; sourceTree = "<group>"; };
		4C5DAF5A1D576A8E00E0FC9F /* ARGeoCoordinate.m */ = {isa = PBXFileReference; fileEncoding = 4; lastKnownFileType = sourcecode.c.objc; path = ARGeoCoordinate.m; sourceTree = "<group>"; };
		4C5DAF5B1D576A8E00E0FC9F /* AugmentedRealityController.h */ = {isa = PBXFileReference; fileEncoding = 4; lastKnownFileType = sourcecode.c.h; path = AugmentedRealityController.h; sourceTree = "<group>"; };
		4C5DAF5C1D576A8E00E0FC9F /* ARCoordinate.m */ = {isa = PBXFileReference; fileEncoding = 4; lastKnownFileType = sourcecode.c.objc; path = ARCoordinate.m; sourceTree = "<group>"; };
		4C5DAF5D1D576A8E00E0FC9F /* ARKit.m */ = {isa = PBXFileReference; fileEncoding = 4; lastKnownFileType = sourcecode.c.objc; path = ARKit.m; sourceTree = "<group>"; };
		4C5DAF5E1D576A8E00E0FC9F /* ARGeoCoordinate.h */ = {isa = PBXFileReference; fileEncoding = 4; lastKnownFileType = sourcecode.c.h; path = ARGeoCoordinate.h; sourceTree = "<group>"; };
		4C5DAF5F1D576A8E00E0FC9F /* ARCoordinate.h */ = {isa = PBXFileReference; fileEncoding = 4; lastKnownFileType = sourcecode.c.h; path = ARCoordinate.h; sourceTree = "<group>"; };
		4C5DAF601D576A8E00E0FC9F /* ARViewProtocol.h */ = {isa = PBXFileReference; fileEncoding = 4; lastKnownFileType = sourcecode.c.h; path = ARViewProtocol.h; sourceTree = "<group>"; };
		4C5DAF611D576A8E00E0FC9F /* GEOLocations.m */ = {isa = PBXFileReference; fileEncoding = 4; lastKnownFileType = sourcecode.c.objc; path = GEOLocations.m; sourceTree = "<group>"; };
		4C5DAF621D576A8E00E0FC9F /* ARKit.h */ = {isa = PBXFileReference; fileEncoding = 4; lastKnownFileType = sourcecode.c.h; path = ARKit.h; sourceTree = "<group>"; };
		4C5DAF631D576A8E00E0FC9F /* GEOLocations.h */ = {isa = PBXFileReference; fileEncoding = 4; lastKnownFileType = sourcecode.c.h; path = GEOLocations.h; sourceTree = "<group>"; };
		4C5DAF641D576A8E00E0FC9F /* ARLocationDelegate.h */ = {isa = PBXFileReference; fileEncoding = 4; lastKnownFileType = sourcecode.c.h; path = ARLocationDelegate.h; sourceTree = "<group>"; };
/* End PBXFileReference section */

/* Begin PBXFrameworksBuildPhase section */
		4C51A9F01D56835D00BD0FAD /* Frameworks */ = {
			isa = PBXFrameworksBuildPhase;
			buildActionMask = 2147483647;
			files = (
			);
			runOnlyForDeploymentPostprocessing = 0;
		};
		4C51AA041D56835D00BD0FAD /* Frameworks */ = {
			isa = PBXFrameworksBuildPhase;
			buildActionMask = 2147483647;
			files = (
			);
			runOnlyForDeploymentPostprocessing = 0;
		};
		4C51AA0F1D56835D00BD0FAD /* Frameworks */ = {
			isa = PBXFrameworksBuildPhase;
			buildActionMask = 2147483647;
			files = (
			);
			runOnlyForDeploymentPostprocessing = 0;
		};
/* End PBXFrameworksBuildPhase section */

/* Begin PBXGroup section */
		4C51A9EA1D56835C00BD0FAD = {
			isa = PBXGroup;
			children = (
				4C5DAF591D576A8E00E0FC9F /* AugmentedRealityController.m */,
				4C5DAF5A1D576A8E00E0FC9F /* ARGeoCoordinate.m */,
				4C5DAF5B1D576A8E00E0FC9F /* AugmentedRealityController.h */,
				4C5DAF5C1D576A8E00E0FC9F /* ARCoordinate.m */,
				4C5DAF5D1D576A8E00E0FC9F /* ARKit.m */,
				4C5DAF5E1D576A8E00E0FC9F /* ARGeoCoordinate.h */,
				4C5DAF5F1D576A8E00E0FC9F /* ARCoordinate.h */,
				4C5DAF601D576A8E00E0FC9F /* ARViewProtocol.h */,
				4C5DAF611D576A8E00E0FC9F /* GEOLocations.m */,
				4C5DAF621D576A8E00E0FC9F /* ARKit.h */,
				4C5DAF631D576A8E00E0FC9F /* GEOLocations.h */,
				4C5DAF641D576A8E00E0FC9F /* ARLocationDelegate.h */,
				4C51A9F51D56835D00BD0FAD /* HumD */,
				4C51AA0A1D56835D00BD0FAD /* HumDTests */,
				4C51AA151D56835D00BD0FAD /* HumDUITests */,
				4C51A9F41D56835D00BD0FAD /* Products */,
				4C57001F1D56DE350090CC30 /* Frameworks */,
				4C5DAF581D576A8D00E0FC9F /* HumD-Bridging-Header.h */,
			);
			sourceTree = "<group>";
		};
		4C51A9F41D56835D00BD0FAD /* Products */ = {
			isa = PBXGroup;
			children = (
				4C51A9F31D56835D00BD0FAD /* HumD.app */,
				4C51AA071D56835D00BD0FAD /* HumDTests.xctest */,
				4C51AA121D56835D00BD0FAD /* HumDUITests.xctest */,
			);
			name = Products;
			sourceTree = "<group>";
		};
		4C51A9F51D56835D00BD0FAD /* HumD */ = {
			isa = PBXGroup;
			children = (
				4C51AA271D5693A800BD0FAD /* Controllers */,
				4C51AA261D56939700BD0FAD /* Resources */,
				4C51A9F61D56835D00BD0FAD /* AppDelegate.swift */,
				4C51AA021D56835D00BD0FAD /* Info.plist */,
			);
			path = HumD;
			sourceTree = "<group>";
		};
		4C51AA0A1D56835D00BD0FAD /* HumDTests */ = {
			isa = PBXGroup;
			children = (
				4C51AA0B1D56835D00BD0FAD /* HumDTests.swift */,
				4C51AA0D1D56835D00BD0FAD /* Info.plist */,
			);
			path = HumDTests;
			sourceTree = "<group>";
		};
		4C51AA151D56835D00BD0FAD /* HumDUITests */ = {
			isa = PBXGroup;
			children = (
				4C51AA161D56835D00BD0FAD /* HumDUITests.swift */,
				4C51AA181D56835D00BD0FAD /* Info.plist */,
			);
			path = HumDUITests;
			sourceTree = "<group>";
		};
		4C51AA261D56939700BD0FAD /* Resources */ = {
			isa = PBXGroup;
			children = (
				4C51A9FA1D56835D00BD0FAD /* Main.storyboard */,
				4C51A9FF1D56835D00BD0FAD /* LaunchScreen.storyboard */,
				4C51A9FD1D56835D00BD0FAD /* Assets.xcassets */,
			);
			name = Resources;
			sourceTree = "<group>";
		};
		4C51AA271D5693A800BD0FAD /* Controllers */ = {
			isa = PBXGroup;
			children = (
				4C51A9F81D56835D00BD0FAD /* MapController.swift */,
				4C51AA241D56936D00BD0FAD /* CameraViewController.swift */,
			);
			name = Controllers;
			sourceTree = "<group>";
		};
		4C57001F1D56DE350090CC30 /* Frameworks */ = {
			isa = PBXGroup;
			children = (
				4C5700201D56DE350090CC30 /* HumD.xcodeproj */,
			);
			name = Frameworks;
			sourceTree = "<group>";
		};
		4C5700211D56DE350090CC30 /* Products */ = {
			isa = PBXGroup;
			name = Products;
			sourceTree = "<group>";
		};
/* End PBXGroup section */

/* Begin PBXNativeTarget section */
		4C51A9F21D56835D00BD0FAD /* HumD */ = {
			isa = PBXNativeTarget;
			buildConfigurationList = 4C51AA1B1D56835D00BD0FAD /* Build configuration list for PBXNativeTarget "HumD" */;
			buildPhases = (
				4C51A9EF1D56835D00BD0FAD /* Sources */,
				4C51A9F01D56835D00BD0FAD /* Frameworks */,
				4C51A9F11D56835D00BD0FAD /* Resources */,
			);
			buildRules = (
			);
			dependencies = (
			);
			name = HumD;
			productName = HumD;
			productReference = 4C51A9F31D56835D00BD0FAD /* HumD.app */;
			productType = "com.apple.product-type.application";
		};
		4C51AA061D56835D00BD0FAD /* HumDTests */ = {
			isa = PBXNativeTarget;
			buildConfigurationList = 4C51AA1E1D56835D00BD0FAD /* Build configuration list for PBXNativeTarget "HumDTests" */;
			buildPhases = (
				4C51AA031D56835D00BD0FAD /* Sources */,
				4C51AA041D56835D00BD0FAD /* Frameworks */,
				4C51AA051D56835D00BD0FAD /* Resources */,
			);
			buildRules = (
			);
			dependencies = (
				4C51AA091D56835D00BD0FAD /* PBXTargetDependency */,
			);
			name = HumDTests;
			productName = HumDTests;
			productReference = 4C51AA071D56835D00BD0FAD /* HumDTests.xctest */;
			productType = "com.apple.product-type.bundle.unit-test";
		};
		4C51AA111D56835D00BD0FAD /* HumDUITests */ = {
			isa = PBXNativeTarget;
			buildConfigurationList = 4C51AA211D56835D00BD0FAD /* Build configuration list for PBXNativeTarget "HumDUITests" */;
			buildPhases = (
				4C51AA0E1D56835D00BD0FAD /* Sources */,
				4C51AA0F1D56835D00BD0FAD /* Frameworks */,
				4C51AA101D56835D00BD0FAD /* Resources */,
			);
			buildRules = (
			);
			dependencies = (
				4C51AA141D56835D00BD0FAD /* PBXTargetDependency */,
			);
			name = HumDUITests;
			productName = HumDUITests;
			productReference = 4C51AA121D56835D00BD0FAD /* HumDUITests.xctest */;
			productType = "com.apple.product-type.bundle.ui-testing";
		};
/* End PBXNativeTarget section */

/* Begin PBXProject section */
		4C51A9EB1D56835C00BD0FAD /* Project object */ = {
			isa = PBXProject;
			attributes = {
				LastSwiftUpdateCheck = 0800;
				LastUpgradeCheck = 0800;
				ORGANIZATIONNAME = "Jessica Joseph";
				TargetAttributes = {
					4C51A9F21D56835D00BD0FAD = {
						CreatedOnToolsVersion = 8.0;
						DevelopmentTeam = G87HUM96UL;
						DevelopmentTeamName = "Jessica Joseph";
						LastSwiftMigration = 0800;
						ProvisioningStyle = Automatic;
					};
					4C51AA061D56835D00BD0FAD = {
						CreatedOnToolsVersion = 8.0;
						DevelopmentTeam = G87HUM96UL;
						DevelopmentTeamName = "Jessica Joseph";
						ProvisioningStyle = Automatic;
						TestTargetID = 4C51A9F21D56835D00BD0FAD;
					};
					4C51AA111D56835D00BD0FAD = {
						CreatedOnToolsVersion = 8.0;
						DevelopmentTeam = G87HUM96UL;
						DevelopmentTeamName = "Jessica Joseph";
						ProvisioningStyle = Automatic;
						TestTargetID = 4C51A9F21D56835D00BD0FAD;
					};
				};
			};
			buildConfigurationList = 4C51A9EE1D56835C00BD0FAD /* Build configuration list for PBXProject "HumD" */;
			compatibilityVersion = "Xcode 3.2";
			developmentRegion = English;
			hasScannedForEncodings = 0;
			knownRegions = (
				en,
				Base,
			);
			mainGroup = 4C51A9EA1D56835C00BD0FAD;
			productRefGroup = 4C51A9F41D56835D00BD0FAD /* Products */;
			projectDirPath = "";
			projectReferences = (
				{
					ProductGroup = 4C5700211D56DE350090CC30 /* Products */;
					ProjectRef = 4C5700201D56DE350090CC30 /* HumD.xcodeproj */;
				},
			);
			projectRoot = "";
			targets = (
				4C51A9F21D56835D00BD0FAD /* HumD */,
				4C51AA061D56835D00BD0FAD /* HumDTests */,
				4C51AA111D56835D00BD0FAD /* HumDUITests */,
			);
		};
/* End PBXProject section */

/* Begin PBXResourcesBuildPhase section */
		4C51A9F11D56835D00BD0FAD /* Resources */ = {
			isa = PBXResourcesBuildPhase;
			buildActionMask = 2147483647;
			files = (
				4C51AA011D56835D00BD0FAD /* LaunchScreen.storyboard in Resources */,
				4C51A9FE1D56835D00BD0FAD /* Assets.xcassets in Resources */,
				4C51A9FC1D56835D00BD0FAD /* Main.storyboard in Resources */,
			);
			runOnlyForDeploymentPostprocessing = 0;
		};
		4C51AA051D56835D00BD0FAD /* Resources */ = {
			isa = PBXResourcesBuildPhase;
			buildActionMask = 2147483647;
			files = (
			);
			runOnlyForDeploymentPostprocessing = 0;
		};
		4C51AA101D56835D00BD0FAD /* Resources */ = {
			isa = PBXResourcesBuildPhase;
			buildActionMask = 2147483647;
			files = (
			);
			runOnlyForDeploymentPostprocessing = 0;
		};
/* End PBXResourcesBuildPhase section */

/* Begin PBXSourcesBuildPhase section */
		4C51A9EF1D56835D00BD0FAD /* Sources */ = {
			isa = PBXSourcesBuildPhase;
			buildActionMask = 2147483647;
			files = (
				4C5DAF691D576A8E00E0FC9F /* GEOLocations.m in Sources */,
				4C5DAF671D576A8E00E0FC9F /* ARCoordinate.m in Sources */,
				4C51A9F91D56835D00BD0FAD /* MapController.swift in Sources */,
				4C51A9F71D56835D00BD0FAD /* AppDelegate.swift in Sources */,
				4C51AA251D56936D00BD0FAD /* CameraViewController.swift in Sources */,
				4C5DAF651D576A8E00E0FC9F /* AugmentedRealityController.m in Sources */,
				4C5DAF681D576A8E00E0FC9F /* ARKit.m in Sources */,
				4C5DAF661D576A8E00E0FC9F /* ARGeoCoordinate.m in Sources */,
			);
			runOnlyForDeploymentPostprocessing = 0;
		};
		4C51AA031D56835D00BD0FAD /* Sources */ = {
			isa = PBXSourcesBuildPhase;
			buildActionMask = 2147483647;
			files = (
				4C51AA0C1D56835D00BD0FAD /* HumDTests.swift in Sources */,
			);
			runOnlyForDeploymentPostprocessing = 0;
		};
		4C51AA0E1D56835D00BD0FAD /* Sources */ = {
			isa = PBXSourcesBuildPhase;
			buildActionMask = 2147483647;
			files = (
				4C51AA171D56835D00BD0FAD /* HumDUITests.swift in Sources */,
			);
			runOnlyForDeploymentPostprocessing = 0;
		};
/* End PBXSourcesBuildPhase section */

/* Begin PBXTargetDependency section */
		4C51AA091D56835D00BD0FAD /* PBXTargetDependency */ = {
			isa = PBXTargetDependency;
			target = 4C51A9F21D56835D00BD0FAD /* HumD */;
			targetProxy = 4C51AA081D56835D00BD0FAD /* PBXContainerItemProxy */;
		};
		4C51AA141D56835D00BD0FAD /* PBXTargetDependency */ = {
			isa = PBXTargetDependency;
			target = 4C51A9F21D56835D00BD0FAD /* HumD */;
			targetProxy = 4C51AA131D56835D00BD0FAD /* PBXContainerItemProxy */;
		};
/* End PBXTargetDependency section */

/* Begin PBXVariantGroup section */
		4C51A9FA1D56835D00BD0FAD /* Main.storyboard */ = {
			isa = PBXVariantGroup;
			children = (
				4C51A9FB1D56835D00BD0FAD /* Base */,
			);
			name = Main.storyboard;
			sourceTree = "<group>";
		};
		4C51A9FF1D56835D00BD0FAD /* LaunchScreen.storyboard */ = {
			isa = PBXVariantGroup;
			children = (
				4C51AA001D56835D00BD0FAD /* Base */,
			);
			name = LaunchScreen.storyboard;
			sourceTree = "<group>";
		};
/* End PBXVariantGroup section */

/* Begin XCBuildConfiguration section */
		4C51AA191D56835D00BD0FAD /* Debug */ = {
			isa = XCBuildConfiguration;
			buildSettings = {
				ALWAYS_SEARCH_USER_PATHS = NO;
				CLANG_ANALYZER_NONNULL = YES;
				CLANG_CXX_LANGUAGE_STANDARD = "gnu++0x";
				CLANG_CXX_LIBRARY = "libc++";
				CLANG_ENABLE_MODULES = YES;
				CLANG_ENABLE_OBJC_ARC = YES;
				CLANG_WARN_BOOL_CONVERSION = YES;
				CLANG_WARN_CONSTANT_CONVERSION = YES;
				CLANG_WARN_DIRECT_OBJC_ISA_USAGE = YES_ERROR;
				CLANG_WARN_DOCUMENTATION_COMMENTS = YES;
				CLANG_WARN_EMPTY_BODY = YES;
				CLANG_WARN_ENUM_CONVERSION = YES;
				CLANG_WARN_INT_CONVERSION = YES;
				CLANG_WARN_OBJC_ROOT_CLASS = YES_ERROR;
				CLANG_WARN_UNREACHABLE_CODE = YES;
				CLANG_WARN__DUPLICATE_METHOD_MATCH = YES;
				"CODE_SIGN_IDENTITY[sdk=iphoneos*]" = "iPhone Developer";
				COPY_PHASE_STRIP = NO;
				DEBUG_INFORMATION_FORMAT = dwarf;
				ENABLE_STRICT_OBJC_MSGSEND = YES;
				ENABLE_TESTABILITY = YES;
				GCC_C_LANGUAGE_STANDARD = gnu99;
				GCC_DYNAMIC_NO_PIC = NO;
				GCC_NO_COMMON_BLOCKS = YES;
				GCC_OPTIMIZATION_LEVEL = 0;
				GCC_PREPROCESSOR_DEFINITIONS = (
					"DEBUG=1",
					"$(inherited)",
				);
				GCC_WARN_64_TO_32_BIT_CONVERSION = YES;
				GCC_WARN_ABOUT_RETURN_TYPE = YES_ERROR;
				GCC_WARN_UNDECLARED_SELECTOR = YES;
				GCC_WARN_UNINITIALIZED_AUTOS = YES_AGGRESSIVE;
				GCC_WARN_UNUSED_FUNCTION = YES;
				GCC_WARN_UNUSED_VARIABLE = YES;
				IPHONEOS_DEPLOYMENT_TARGET = 8.0;
				MTL_ENABLE_DEBUG_INFO = YES;
				ONLY_ACTIVE_ARCH = YES;
				SDKROOT = iphoneos;
				SWIFT_ACTIVE_COMPILATION_CONDITIONS = DEBUG;
				SWIFT_OPTIMIZATION_LEVEL = "-Onone";
			};
			name = Debug;
		};
		4C51AA1A1D56835D00BD0FAD /* Release */ = {
			isa = XCBuildConfiguration;
			buildSettings = {
				ALWAYS_SEARCH_USER_PATHS = NO;
				CLANG_ANALYZER_NONNULL = YES;
				CLANG_CXX_LANGUAGE_STANDARD = "gnu++0x";
				CLANG_CXX_LIBRARY = "libc++";
				CLANG_ENABLE_MODULES = YES;
				CLANG_ENABLE_OBJC_ARC = YES;
				CLANG_WARN_BOOL_CONVERSION = YES;
				CLANG_WARN_CONSTANT_CONVERSION = YES;
				CLANG_WARN_DIRECT_OBJC_ISA_USAGE = YES_ERROR;
				CLANG_WARN_DOCUMENTATION_COMMENTS = YES;
				CLANG_WARN_EMPTY_BODY = YES;
				CLANG_WARN_ENUM_CONVERSION = YES;
				CLANG_WARN_INT_CONVERSION = YES;
				CLANG_WARN_OBJC_ROOT_CLASS = YES_ERROR;
				CLANG_WARN_UNREACHABLE_CODE = YES;
				CLANG_WARN__DUPLICATE_METHOD_MATCH = YES;
				"CODE_SIGN_IDENTITY[sdk=iphoneos*]" = "iPhone Developer";
				COPY_PHASE_STRIP = NO;
				DEBUG_INFORMATION_FORMAT = "dwarf-with-dsym";
				ENABLE_NS_ASSERTIONS = NO;
				ENABLE_STRICT_OBJC_MSGSEND = YES;
				GCC_C_LANGUAGE_STANDARD = gnu99;
				GCC_NO_COMMON_BLOCKS = YES;
				GCC_WARN_64_TO_32_BIT_CONVERSION = YES;
				GCC_WARN_ABOUT_RETURN_TYPE = YES_ERROR;
				GCC_WARN_UNDECLARED_SELECTOR = YES;
				GCC_WARN_UNINITIALIZED_AUTOS = YES_AGGRESSIVE;
				GCC_WARN_UNUSED_FUNCTION = YES;
				GCC_WARN_UNUSED_VARIABLE = YES;
				IPHONEOS_DEPLOYMENT_TARGET = 8.0;
				MTL_ENABLE_DEBUG_INFO = NO;
				SDKROOT = iphoneos;
				SWIFT_OPTIMIZATION_LEVEL = "-Owholemodule";
				VALIDATE_PRODUCT = YES;
			};
			name = Release;
		};
		4C51AA1C1D56835D00BD0FAD /* Debug */ = {
			isa = XCBuildConfiguration;
			buildSettings = {
				ASSETCATALOG_COMPILER_APPICON_NAME = AppIcon;
				CLANG_ENABLE_MODULES = YES;
				INFOPLIST_FILE = HumD/Info.plist;
				LD_RUNPATH_SEARCH_PATHS = "$(inherited) @executable_path/Frameworks";
				PRODUCT_BUNDLE_IDENTIFIER = co.jessicajoseph.HumD;
				PRODUCT_NAME = "$(TARGET_NAME)";
				SWIFT_OBJC_BRIDGING_HEADER = "HumD-Bridging-Header.h";
				SWIFT_OPTIMIZATION_LEVEL = "-Onone";
				SWIFT_VERSION = 3.0;
			};
			name = Debug;
		};
		4C51AA1D1D56835D00BD0FAD /* Release */ = {
			isa = XCBuildConfiguration;
			buildSettings = {
				ASSETCATALOG_COMPILER_APPICON_NAME = AppIcon;
				CLANG_ENABLE_MODULES = YES;
				INFOPLIST_FILE = HumD/Info.plist;
				LD_RUNPATH_SEARCH_PATHS = "$(inherited) @executable_path/Frameworks";
				PRODUCT_BUNDLE_IDENTIFIER = co.jessicajoseph.HumD;
				PRODUCT_NAME = "$(TARGET_NAME)";
				SWIFT_OBJC_BRIDGING_HEADER = "HumD-Bridging-Header.h";
				SWIFT_VERSION = 3.0;
			};
			name = Release;
		};
		4C51AA1F1D56835D00BD0FAD /* Debug */ = {
			isa = XCBuildConfiguration;
			buildSettings = {
				BUNDLE_LOADER = "$(TEST_HOST)";
				INFOPLIST_FILE = HumDTests/Info.plist;
				LD_RUNPATH_SEARCH_PATHS = "$(inherited) @executable_path/Frameworks @loader_path/Frameworks";
				PRODUCT_BUNDLE_IDENTIFIER = co.jessicajoseph.HumDTests;
				PRODUCT_NAME = "$(TARGET_NAME)";
				SWIFT_VERSION = 3.0;
				TEST_HOST = "$(BUILT_PRODUCTS_DIR)/HumD.app/HumD";
			};
			name = Debug;
		};
		4C51AA201D56835D00BD0FAD /* Release */ = {
			isa = XCBuildConfiguration;
			buildSettings = {
				BUNDLE_LOADER = "$(TEST_HOST)";
				INFOPLIST_FILE = HumDTests/Info.plist;
				LD_RUNPATH_SEARCH_PATHS = "$(inherited) @executable_path/Frameworks @loader_path/Frameworks";
				PRODUCT_BUNDLE_IDENTIFIER = co.jessicajoseph.HumDTests;
				PRODUCT_NAME = "$(TARGET_NAME)";
				SWIFT_VERSION = 3.0;
				TEST_HOST = "$(BUILT_PRODUCTS_DIR)/HumD.app/HumD";
			};
			name = Release;
		};
		4C51AA221D56835D00BD0FAD /* Debug */ = {
			isa = XCBuildConfiguration;
			buildSettings = {
				INFOPLIST_FILE = HumDUITests/Info.plist;
				LD_RUNPATH_SEARCH_PATHS = "$(inherited) @executable_path/Frameworks @loader_path/Frameworks";
				PRODUCT_BUNDLE_IDENTIFIER = co.jessicajoseph.HumDUITests;
				PRODUCT_NAME = "$(TARGET_NAME)";
				SWIFT_VERSION = 3.0;
				TEST_TARGET_NAME = HumD;
			};
			name = Debug;
		};
		4C51AA231D56835D00BD0FAD /* Release */ = {
			isa = XCBuildConfiguration;
			buildSettings = {
				INFOPLIST_FILE = HumDUITests/Info.plist;
				LD_RUNPATH_SEARCH_PATHS = "$(inherited) @executable_path/Frameworks @loader_path/Frameworks";
				PRODUCT_BUNDLE_IDENTIFIER = co.jessicajoseph.HumDUITests;
				PRODUCT_NAME = "$(TARGET_NAME)";
				SWIFT_VERSION = 3.0;
				TEST_TARGET_NAME = HumD;
			};
			name = Release;
		};
/* End XCBuildConfiguration section */

/* Begin XCConfigurationList section */
		4C51A9EE1D56835C00BD0FAD /* Build configuration list for PBXProject "HumD" */ = {
			isa = XCConfigurationList;
			buildConfigurations = (
				4C51AA191D56835D00BD0FAD /* Debug */,
				4C51AA1A1D56835D00BD0FAD /* Release */,
			);
			defaultConfigurationIsVisible = 0;
			defaultConfigurationName = Release;
		};
		4C51AA1B1D56835D00BD0FAD /* Build configuration list for PBXNativeTarget "HumD" */ = {
			isa = XCConfigurationList;
			buildConfigurations = (
				4C51AA1C1D56835D00BD0FAD /* Debug */,
				4C51AA1D1D56835D00BD0FAD /* Release */,
			);
			defaultConfigurationIsVisible = 0;
			defaultConfigurationName = Release;
		};
		4C51AA1E1D56835D00BD0FAD /* Build configuration list for PBXNativeTarget "HumDTests" */ = {
			isa = XCConfigurationList;
			buildConfigurations = (
				4C51AA1F1D56835D00BD0FAD /* Debug */,
				4C51AA201D56835D00BD0FAD /* Release */,
			);
			defaultConfigurationIsVisible = 0;
			defaultConfigurationName = Release;
		};
		4C51AA211D56835D00BD0FAD /* Build configuration list for PBXNativeTarget "HumDUITests" */ = {
			isa = XCConfigurationList;
			buildConfigurations = (
				4C51AA221D56835D00BD0FAD /* Debug */,
				4C51AA231D56835D00BD0FAD /* Release */,
			);
			defaultConfigurationIsVisible = 0;
			defaultConfigurationName = Release;
		};
/* End XCConfigurationList section */
	};
	rootObject = 4C51A9EB1D56835C00BD0FAD /* Project object */;
}
